<?xml version="1.0" encoding="utf-8"?>
<Project ToolsVersion="4.0" xmlns="http://schemas.microsoft.com/developer/msbuild/2003">
  <ItemGroup>
    <ClCompile Include="Source\Characther.cpp" />
    <ClCompile Include="Source\Circus.cpp" />
    <ClCompile Include="Source\Combat.cpp" />
    <ClCompile Include="Source\CombatEnemy.cpp" />
    <ClCompile Include="Source\ECHouseDPS.cpp" />
    <ClCompile Include="Source\ECHouseHealer.cpp" />
    <ClCompile Include="Source\DialogueSystem.cpp" />
    <ClCompile Include="Source\DialogueTree.cpp" />
    <ClCompile Include="Source\ECHouseTank.cpp" />
    <ClCompile Include="Source\EntityManager.cpp" />
    <ClCompile Include="Source\FadeToBlack.cpp" />
    <ClCompile Include="Source\GuiButton.cpp" />
    <ClCompile Include="Source\GuiCheckBox.cpp" />
    <ClCompile Include="Source\GuiManager.cpp" />
    <ClCompile Include="Source\GuiSliderBar.cpp" />
    <ClCompile Include="Source\HouseOfTerrors.cpp" />
    <ClCompile Include="Source\Input.cpp" />
    <ClCompile Include="Source\IntroScene.cpp" />
    <ClCompile Include="Source\LogoScene.cpp" />
    <ClCompile Include="Source\LoseScene.cpp" />
    <ClCompile Include="Source\Main.cpp" />
    <ClCompile Include="Source\App.cpp" />
    <ClCompile Include="Source\Audio.cpp" />
    <ClCompile Include="Source\Map.cpp" />
    <ClCompile Include="Source\NPC.cpp" />
    <ClCompile Include="Source\PartyMember.cpp" />
    <ClCompile Include="Source\Pathfinding.cpp" />
    <ClCompile Include="Source\PCBard.cpp" />
    <ClCompile Include="Source\PCProtagonist.cpp" />
    <ClCompile Include="Source\PerfTimer.cpp" />
    <ClCompile Include="Source\Physics.cpp" />
    <ClCompile Include="Source\Player.cpp" />
    <ClCompile Include="Source\PracticeTent.cpp" />
    <ClCompile Include="Source\Scene.cpp" />
    <ClCompile Include="Source\Render.cpp" />
    <ClCompile Include="Source\Textures.cpp" />
    <ClCompile Include="Source\Timer.cpp" />
    <ClCompile Include="Source\Window.cpp" />
    <ClCompile Include="Source\Log.cpp" />
    <ClCompile Include="Source\External\PugiXml\src\pugixml.cpp" />
  </ItemGroup>
  <ItemGroup>
    <ClInclude Include="Source\Animation.h" />
    <ClInclude Include="Source\Characther.h" />
    <ClInclude Include="Source\Circus.h" />
    <ClInclude Include="Source\Combat.h" />
    <ClInclude Include="Source\CombatEnemy.h" />
    <ClInclude Include="Source\ECHouseDPS.h" />
    <ClInclude Include="Source\ECHouseHealer.h" />
    <ClInclude Include="Source\DialogueSystem.h" />
    <ClInclude Include="Source\DialogueTree.h" />
    <ClInclude Include="Source\ECHouseTank.h" />
    <ClInclude Include="Source\Enemy.h" />
    <ClInclude Include="Source\Entity.h" />
    <ClInclude Include="Source\EntityManager.h" />
    <ClInclude Include="Source\FadeToBlack.h" />
    <ClInclude Include="Source\GuiButton.h" />
    <ClInclude Include="Source\GuiCheckBox.h" />
    <ClInclude Include="Source\GuiControl.h" />
    <ClInclude Include="Source\GuiManager.h" />
    <ClInclude Include="Source\GuiSliderBar.h" />
    <ClInclude Include="Source\HouseOfTerrors.h" />
    <ClInclude Include="Source\Input.h" />
    <ClInclude Include="Source\IntroScene.h" />
    <ClInclude Include="Source\LogoScene.h" />
    <ClInclude Include="Source\LoseScene.h" />
    <ClInclude Include="Source\Map.h" />
    <ClInclude Include="Source\NPC.h" />
    <ClInclude Include="Source\PartyMember.h" />
    <ClInclude Include="Source\Pathfinding.h" />
    <ClInclude Include="Source\PCBard.h" />
    <ClInclude Include="Source\PCProtagonist.h" />
    <ClInclude Include="Source\PerfTimer.h" />
    <ClInclude Include="Source\Physics.h" />
    <ClInclude Include="Source\Player.h" />
    <ClInclude Include="Source\PracticeTent.h" />
    <ClInclude Include="Source\Queue.h" />
    <ClInclude Include="Source\Scene.h" />
    <ClInclude Include="Source\Audio.h" />
    <ClInclude Include="Source\App.h" />
    <ClInclude Include="Source\Module.h" />
    <ClInclude Include="Source\Render.h" />
    <ClInclude Include="Source\Settings.h" />
    <ClInclude Include="Source\Textures.h" />
    <ClInclude Include="Source\Timer.h" />
    <ClInclude Include="Source\Window.h" />
    <ClInclude Include="Source\Defs.h" />
    <ClInclude Include="Source\List.h" />
    <ClInclude Include="Source\Log.h" />
    <ClInclude Include="Source\Point.h" />
    <ClInclude Include="Source\SString.h" />
    <ClInclude Include="Source\DynArray.h" />
    <ClInclude Include="Source\External\PugiXml\src\pugiconfig.hpp" />
    <ClInclude Include="Source\External\PugiXml\src\pugixml.hpp" />
    <ClInclude Include="Source\SceneWin_Lose.h" />
  </ItemGroup>
</Project>