<?xml version="1.0" encoding="utf-8"?>
<Project ToolsVersion="4.0" xmlns="http://schemas.microsoft.com/developer/msbuild/2003">
  <ItemGroup>
    <ClCompile Include="Source\App.cpp">
      <Filter>App</Filter>
    </ClCompile>
    <ClCompile Include="Source\Main.cpp">
      <Filter>App</Filter>
    </ClCompile>
    <ClCompile Include="Source\External\PugiXml\src\pugixml.cpp">
      <Filter>App\PugiXML</Filter>
    </ClCompile>
    <ClCompile Include="Source\GuiButton.cpp">
      <Filter>Modules\Core\GUI</Filter>
    </ClCompile>
    <ClCompile Include="Source\GuiCheckBox.cpp">
      <Filter>Modules\Core\GUI</Filter>
    </ClCompile>
    <ClCompile Include="Source\GuiManager.cpp">
      <Filter>Modules\Core\GUI</Filter>
    </ClCompile>
    <ClCompile Include="Source\GuiSliderBar.cpp">
      <Filter>Modules\Core\GUI</Filter>
    </ClCompile>
    <ClCompile Include="Source\DialogueSystem.cpp">
      <Filter>Modules\Core\DiaogueSystem</Filter>
    </ClCompile>
    <ClCompile Include="Source\DialogueTree.cpp">
      <Filter>Modules\Core\DiaogueSystem</Filter>
    </ClCompile>
    <ClCompile Include="Source\EntityManager.cpp">
      <Filter>Modules\Entities</Filter>
    </ClCompile>
    <ClCompile Include="Source\Pathfinding.cpp">
      <Filter>Modules\Entities</Filter>
    </ClCompile>
    <ClCompile Include="Source\Log.cpp">
      <Filter>Utils</Filter>
    </ClCompile>
    <ClCompile Include="Source\Timer.cpp">
      <Filter>Utils</Filter>
    </ClCompile>
    <ClCompile Include="Source\PerfTimer.cpp">
      <Filter>Utils</Filter>
    </ClCompile>
    <ClCompile Include="Source\Combat.cpp">
      <Filter>Scenes</Filter>
    </ClCompile>
    <ClCompile Include="Source\IntroScene.cpp">
      <Filter>Scenes</Filter>
    </ClCompile>
    <ClCompile Include="Source\LogoScene.cpp">
      <Filter>Scenes</Filter>
    </ClCompile>
    <ClCompile Include="Source\Scene.cpp">
      <Filter>Scenes</Filter>
    </ClCompile>
    <ClCompile Include="Source\HouseOfTerrors.cpp">
      <Filter>Scenes</Filter>
    </ClCompile>
    <ClCompile Include="Source\Circus.cpp">
      <Filter>Scenes</Filter>
    </ClCompile>
    <ClCompile Include="Source\PracticeTent.cpp">
      <Filter>Scenes</Filter>
    </ClCompile>
    <ClCompile Include="Source\NPC.cpp">
      <Filter>Modules\Entities\Explore</Filter>
    </ClCompile>
    <ClCompile Include="Source\Player.cpp">
      <Filter>Modules\Entities\Explore</Filter>
    </ClCompile>
    <ClCompile Include="Source\Audio.cpp">
      <Filter>Modules\Core</Filter>
    </ClCompile>
    <ClCompile Include="Source\FadeToBlack.cpp">
      <Filter>Modules\Core</Filter>
    </ClCompile>
    <ClCompile Include="Source\Input.cpp">
      <Filter>Modules\Core</Filter>
    </ClCompile>
    <ClCompile Include="Source\Map.cpp">
      <Filter>Modules\Core</Filter>
    </ClCompile>
    <ClCompile Include="Source\Physics.cpp">
      <Filter>Modules\Core</Filter>
    </ClCompile>
    <ClCompile Include="Source\Render.cpp">
      <Filter>Modules\Core</Filter>
    </ClCompile>
    <ClCompile Include="Source\Textures.cpp">
      <Filter>Modules\Core</Filter>
    </ClCompile>
    <ClCompile Include="Source\Window.cpp">
      <Filter>Modules\Core</Filter>
    </ClCompile>
    <ClCompile Include="Source\Character.cpp">
      <Filter>Modules\Entities\Combat</Filter>
    </ClCompile>
    <ClCompile Include="Source\Skills.cpp">
      <Filter>Modules\Entities\Combat</Filter>
    </ClCompile>
    <ClCompile Include="Source\PuzzleManager.cpp">
      <Filter>Modules\Core\QuestSystem</Filter>
    </ClCompile>
    <ClCompile Include="Source\QuestManager.cpp">
      <Filter>Modules\Core\QuestSystem</Filter>
    </ClCompile>
    <ClCompile Include="Source\Inventory.cpp">
      <Filter>Modules\Core\ItemManager</Filter>
    </ClCompile>
    <ClCompile Include="Source\ItemManager.cpp">
      <Filter>Modules\Core\ItemManager</Filter>
    </ClCompile>
    <ClCompile Include="Source\SceneWin_Lose.cpp">
      <Filter>Scenes</Filter>
    </ClCompile>
    <ClCompile Include="Source\AssetsManager.cpp">
      <Filter>Utils</Filter>
    </ClCompile>
    <ClCompile Include="Source\InitiAllResourcesFromZip.cpp">
      <Filter>Utils</Filter>
    </ClCompile>
    <ClCompile Include="Source\LootManager.cpp" />
    <ClCompile Include="Source\Store.cpp" />
    <ClCompile Include="Source\CutScene.cpp" />
  </ItemGroup>
  <ItemGroup>
    <ClInclude Include="Source\App.h">
      <Filter>App</Filter>
    </ClInclude>
    <ClInclude Include="Source\External\PugiXml\src\pugixml.hpp">
      <Filter>App\PugiXML</Filter>
    </ClInclude>
    <ClInclude Include="Source\External\PugiXml\src\pugiconfig.hpp">
      <Filter>App\PugiXML</Filter>
    </ClInclude>
    <ClInclude Include="Source\Module.h">
      <Filter>Modules</Filter>
    </ClInclude>
    <ClInclude Include="Source\GuiButton.h">
      <Filter>Modules\Core\GUI</Filter>
    </ClInclude>
    <ClInclude Include="Source\GuiCheckBox.h">
      <Filter>Modules\Core\GUI</Filter>
    </ClInclude>
    <ClInclude Include="Source\GuiControl.h">
      <Filter>Modules\Core\GUI</Filter>
    </ClInclude>
    <ClInclude Include="Source\GuiManager.h">
      <Filter>Modules\Core\GUI</Filter>
    </ClInclude>
    <ClInclude Include="Source\GuiSliderBar.h">
      <Filter>Modules\Core\GUI</Filter>
    </ClInclude>
    <ClInclude Include="Source\DialogueSystem.h">
      <Filter>Modules\Core\DiaogueSystem</Filter>
    </ClInclude>
    <ClInclude Include="Source\DialogueTree.h">
      <Filter>Modules\Core\DiaogueSystem</Filter>
    </ClInclude>
    <ClInclude Include="Source\Entity.h">
      <Filter>Modules\Entities</Filter>
    </ClInclude>
    <ClInclude Include="Source\EntityManager.h">
      <Filter>Modules\Entities</Filter>
    </ClInclude>
    <ClInclude Include="Source\Pathfinding.h">
      <Filter>Modules\Entities</Filter>
    </ClInclude>
    <ClInclude Include="Source\List.h">
      <Filter>Utils</Filter>
    </ClInclude>
    <ClInclude Include="Source\Log.h">
      <Filter>Utils</Filter>
    </ClInclude>
    <ClInclude Include="Source\Animation.h">
      <Filter>Utils</Filter>
    </ClInclude>
    <ClInclude Include="Source\Defs.h">
      <Filter>Utils</Filter>
    </ClInclude>
    <ClInclude Include="Source\DynArray.h">
      <Filter>Utils</Filter>
    </ClInclude>
    <ClInclude Include="Source\Point.h">
      <Filter>Utils</Filter>
    </ClInclude>
    <ClInclude Include="Source\Queue.h">
      <Filter>Utils</Filter>
    </ClInclude>
    <ClInclude Include="Source\SString.h">
      <Filter>Utils</Filter>
    </ClInclude>
    <ClInclude Include="Source\Timer.h">
      <Filter>Utils</Filter>
    </ClInclude>
    <ClInclude Include="Source\PerfTimer.h">
      <Filter>Utils</Filter>
    </ClInclude>
    <ClInclude Include="Source\Combat.h">
      <Filter>Scenes</Filter>
    </ClInclude>
    <ClInclude Include="Source\IntroScene.h">
      <Filter>Scenes</Filter>
    </ClInclude>
    <ClInclude Include="Source\LogoScene.h">
      <Filter>Scenes</Filter>
    </ClInclude>
    <ClInclude Include="Source\Scene.h">
      <Filter>Scenes</Filter>
    </ClInclude>
    <ClInclude Include="Source\Settings.h">
      <Filter>Scenes</Filter>
    </ClInclude>
    <ClInclude Include="Source\HouseOfTerrors.h">
      <Filter>Scenes</Filter>
    </ClInclude>
    <ClInclude Include="Source\Circus.h">
      <Filter>Scenes</Filter>
    </ClInclude>
    <ClInclude Include="Source\PracticeTent.h">
      <Filter>Scenes</Filter>
    </ClInclude>
    <ClInclude Include="Source\NPC.h">
      <Filter>Modules\Entities\Explore</Filter>
    </ClInclude>
    <ClInclude Include="Source\Player.h">
      <Filter>Modules\Entities\Explore</Filter>
    </ClInclude>
    <ClInclude Include="Source\Audio.h">
      <Filter>Modules\Core</Filter>
    </ClInclude>
    <ClInclude Include="Source\FadeToBlack.h">
      <Filter>Modules\Core</Filter>
    </ClInclude>
    <ClInclude Include="Source\Input.h">
      <Filter>Modules\Core</Filter>
    </ClInclude>
    <ClInclude Include="Source\Map.h">
      <Filter>Modules\Core</Filter>
    </ClInclude>
    <ClInclude Include="Source\Physics.h">
      <Filter>Modules\Core</Filter>
    </ClInclude>
    <ClInclude Include="Source\Render.h">
      <Filter>Modules\Core</Filter>
    </ClInclude>
    <ClInclude Include="Source\Textures.h">
      <Filter>Modules\Core</Filter>
    </ClInclude>
    <ClInclude Include="Source\Window.h">
      <Filter>Modules\Core</Filter>
    </ClInclude>
    <ClInclude Include="Source\Character.h">
      <Filter>Modules\Entities\Combat</Filter>
    </ClInclude>
    <ClInclude Include="Source\Skills.h">
      <Filter>Modules\Entities\Combat</Filter>
    </ClInclude>
    <ClInclude Include="Source\PuzzleManager.h">
      <Filter>Modules\Core\QuestSystem</Filter>
    </ClInclude>
    <ClInclude Include="Source\Quest.h">
      <Filter>Modules\Core\QuestSystem</Filter>
    </ClInclude>
    <ClInclude Include="Source\QuestManager.h">
      <Filter>Modules\Core\QuestSystem</Filter>
    </ClInclude>
    <ClInclude Include="Source\ItemManager.h">
      <Filter>Modules\Core\ItemManager</Filter>
    </ClInclude>
    <ClInclude Include="Source\Inventory.h">
      <Filter>Modules\Core\ItemManager</Filter>
    </ClInclude>
    <ClInclude Include="Source\SceneWin_Lose.h">
      <Filter>Scenes</Filter>
    </ClInclude>
    <ClInclude Include="Source\AssetsManager.h">
      <Filter>Utils</Filter>
    </ClInclude>
    <ClInclude Include="Source\InitiAllResourcesFromZip.h">
      <Filter>Utils</Filter>
    </ClInclude>
    <ClInclude Include="Source\Tweening.h">
      <Filter>Utils</Filter>
    </ClInclude>
    <ClInclude Include="Source\LootManager.h" />
    <ClInclude Include="Source\Store.h" />
    <ClInclude Include="Source\CutScene.h" />
  </ItemGroup>
  <ItemGroup>
    <Filter Include="App">
      <UniqueIdentifier>{10de5ce2-74fe-4670-920d-ed130aa94a75}</UniqueIdentifier>
    </Filter>
    <Filter Include="App\PugiXML">
      <UniqueIdentifier>{124aa8bd-32f4-4aef-b300-e220cf93136a}</UniqueIdentifier>
    </Filter>
    <Filter Include="Modules">
      <UniqueIdentifier>{e04ad547-9311-42c3-8a6f-384417d3f796}</UniqueIdentifier>
    </Filter>
    <Filter Include="Modules\Core">
      <UniqueIdentifier>{cc9f5f2e-f4e7-4de7-bfcc-cc259cc422e4}</UniqueIdentifier>
    </Filter>
    <Filter Include="Modules\Entities">
      <UniqueIdentifier>{e3792f0e-6cfb-4d90-b32c-981a8ce505d1}</UniqueIdentifier>
    </Filter>
    <Filter Include="Modules\Core\DiaogueSystem">
      <UniqueIdentifier>{ccf4ca9d-72b6-4e3b-b38b-6e4cf56ec75e}</UniqueIdentifier>
    </Filter>
    <Filter Include="Modules\Core\GUI">
      <UniqueIdentifier>{c238d0d6-266a-41e6-85d0-5f4ed37f51ff}</UniqueIdentifier>
    </Filter>
    <Filter Include="Utils">
      <UniqueIdentifier>{5ebf5983-9c2b-4647-9e4a-2dc828b09bb2}</UniqueIdentifier>
    </Filter>
    <Filter Include="Scenes">
      <UniqueIdentifier>{fe659973-7733-481d-ae47-394713e9f6a8}</UniqueIdentifier>
    </Filter>
    <Filter Include="Modules\Entities\Combat">
      <UniqueIdentifier>{4efa096c-1704-4065-bacf-3fc666063d85}</UniqueIdentifier>
    </Filter>
    <Filter Include="Modules\Entities\Explore">
      <UniqueIdentifier>{34467ecb-be3a-4ec9-90c6-5071a7e6af54}</UniqueIdentifier>
    </Filter>
    <Filter Include="Modules\Core\QuestSystem">
      <UniqueIdentifier>{8c278faa-4e35-4dac-bda0-98eaeee8ca9f}</UniqueIdentifier>
    </Filter>
    <Filter Include="Modules\Core\ItemManager">
      <UniqueIdentifier>{245f7f64-b751-41ad-af33-1d06e45f0e80}</UniqueIdentifier>
    </Filter>
  </ItemGroup>
  <ItemGroup>
    <ClCompile Include="Source\Tweening.cpp">
      <Filter>Utils</Filter>
    </ClCompile>
  </ItemGroup>
</Project>